
Microsoft Visual Studio Solution File, Format Version 12.00
# Visual Studio Version 17
VisualStudioVersion = 17.9.34622.214
MinimumVisualStudioVersion = 10.0.40219.1
Project("{FAE04EC0-301F-11D3-BF4B-00C04F79EFBC}") = "APISchoolAUTH.BACK", "APISchoolAUTH.BACK\APISchoolAUTH.BACK.csproj", "{0930B93E-9023-4D8B-9437-C94A95697616}"
EndProject
Global
	GlobalSection(SolutionConfigurationPlatforms) = preSolution
		Debug|Any CPU = Debug|Any CPU
		Release|Any CPU = Release|Any CPU
	EndGlobalSection
	GlobalSection(ProjectConfigurationPlatforms) = postSolution
		{0930B93E-9023-4D8B-9437-C94A95697616}.Debug|Any CPU.ActiveCfg = Debug|Any CPU
		{0930B93E-9023-4D8B-9437-C94A95697616}.Debug|Any CPU.Build.0 = Debug|Any CPU
		{0930B93E-9023-4D8B-9437-C94A95697616}.Release|Any CPU.ActiveCfg = Release|Any CPU
		{0930B93E-9023-4D8B-9437-C94A95697616}.Release|Any CPU.Build.0 = Release|Any CPU
	EndGlobalSection
	GlobalSection(SolutionProperties) = preSolution
		HideSolutionNode = FALSE
	EndGlobalSection
	GlobalSection(ExtensibilityGlobals) = postSolution
		SolutionGuid = {055C9964-9B8A-4EEF-AC58-5556DF39B53E}
	EndGlobalSection
EndGlobal
